// !$*UTF8*$!
{
	archiveVersion = 1;
	classes = {
	};
	objectVersion = 55;
	objects = {

/* Begin PBXBuildFile section */
		CAD9ABF727315B0200E3DE37 /* Database_SQLApp.swift in Sources */ = {isa = PBXBuildFile; fileRef = CAD9ABF627315B0200E3DE37 /* Database_SQLApp.swift */; };
		CAD9ABF927315B0200E3DE37 /* ContentView.swift in Sources */ = {isa = PBXBuildFile; fileRef = CAD9ABF827315B0200E3DE37 /* ContentView.swift */; };
		CAD9ABFB27315B0F00E3DE37 /* Assets.xcassets in Resources */ = {isa = PBXBuildFile; fileRef = CAD9ABFA27315B0F00E3DE37 /* Assets.xcassets */; };
		CAD9ABFE27315B0F00E3DE37 /* Preview Assets.xcassets in Resources */ = {isa = PBXBuildFile; fileRef = CAD9ABFD27315B0F00E3DE37 /* Preview Assets.xcassets */; };
		CAD9AC0727316FF500E3DE37 /* db.db in Resources */ = {isa = PBXBuildFile; fileRef = CAD9AC0427316A2E00E3DE37 /* db.db */; };
		CAD9AC092731713E00E3DE37 /* MessagesAttachmentsView.swift in Sources */ = {isa = PBXBuildFile; fileRef = CAD9AC082731713E00E3DE37 /* MessagesAttachmentsView.swift */; };
		CAD9AC0B2731729100E3DE37 /* DataBase.swift in Sources */ = {isa = PBXBuildFile; fileRef = CAD9AC0A2731729100E3DE37 /* DataBase.swift */; };
		CAD9AC0D2731797600E3DE37 /* TopicsView.swift in Sources */ = {isa = PBXBuildFile; fileRef = CAD9AC0C2731797600E3DE37 /* TopicsView.swift */; };
		CAD9AC1027318C3000E3DE37 /* EmptyProfile.swift in Sources */ = {isa = PBXBuildFile; fileRef = CAD9AC0F27318C3000E3DE37 /* EmptyProfile.swift */; };
		CAD9AC4227326D1600E3DE37 /* PairsView.swift in Sources */ = {isa = PBXBuildFile; fileRef = CAD9AC4127326D1500E3DE37 /* PairsView.swift */; };
/* End PBXBuildFile section */

/* Begin PBXFileReference section */
		CAD9ABF327315B0200E3DE37 /* Database-SQL.app */ = {isa = PBXFileReference; explicitFileType = wrapper.application; includeInIndex = 0; path = "Database-SQL.app"; sourceTree = BUILT_PRODUCTS_DIR; };
		CAD9ABF627315B0200E3DE37 /* Database_SQLApp.swift */ = {isa = PBXFileReference; lastKnownFileType = sourcecode.swift; path = Database_SQLApp.swift; sourceTree = "<group>"; };
		CAD9ABF827315B0200E3DE37 /* ContentView.swift */ = {isa = PBXFileReference; lastKnownFileType = sourcecode.swift; path = ContentView.swift; sourceTree = "<group>"; };
		CAD9ABFA27315B0F00E3DE37 /* Assets.xcassets */ = {isa = PBXFileReference; lastKnownFileType = folder.assetcatalog; path = Assets.xcassets; sourceTree = "<group>"; };
		CAD9ABFD27315B0F00E3DE37 /* Preview Assets.xcassets */ = {isa = PBXFileReference; lastKnownFileType = folder.assetcatalog; path = "Preview Assets.xcassets"; sourceTree = "<group>"; };
		CAD9AC0427316A2E00E3DE37 /* db.db */ = {isa = PBXFileReference; lastKnownFileType = file; path = db.db; sourceTree = "<group>"; };
		CAD9AC082731713E00E3DE37 /* MessagesAttachmentsView.swift */ = {isa = PBXFileReference; lastKnownFileType = sourcecode.swift; path = MessagesAttachmentsView.swift; sourceTree = "<group>"; };
		CAD9AC0A2731729100E3DE37 /* DataBase.swift */ = {isa = PBXFileReference; lastKnownFileType = sourcecode.swift; path = DataBase.swift; sourceTree = "<group>"; };
		CAD9AC0C2731797600E3DE37 /* TopicsView.swift */ = {isa = PBXFileReference; lastKnownFileType = sourcecode.swift; path = TopicsView.swift; sourceTree = "<group>"; };
		CAD9AC0F27318C3000E3DE37 /* EmptyProfile.swift */ = {isa = PBXFileReference; lastKnownFileType = sourcecode.swift; path = EmptyProfile.swift; sourceTree = "<group>"; };
		CAD9AC4127326D1500E3DE37 /* PairsView.swift */ = {isa = PBXFileReference; lastKnownFileType = sourcecode.swift; path = PairsView.swift; sourceTree = "<group>"; };
/* End PBXFileReference section */

/* Begin PBXFrameworksBuildPhase section */
		CAD9ABF027315B0200E3DE37 /* Frameworks */ = {
			isa = PBXFrameworksBuildPhase;
			buildActionMask = 2147483647;
			files = (
			);
			runOnlyForDeploymentPostprocessing = 0;
		};
/* End PBXFrameworksBuildPhase section */

/* Begin PBXGroup section */
		CAD9ABEA27315B0100E3DE37 = {
			isa = PBXGroup;
			children = (
				CAD9ABF527315B0200E3DE37 /* Database-SQL */,
				CAD9ABF427315B0200E3DE37 /* Products */,
			);
			sourceTree = "<group>";
		};
		CAD9ABF427315B0200E3DE37 /* Products */ = {
			isa = PBXGroup;
			children = (
				CAD9ABF327315B0200E3DE37 /* Database-SQL.app */,
			);
			name = Products;
			sourceTree = "<group>";
		};
		CAD9ABF527315B0200E3DE37 /* Database-SQL */ = {
			isa = PBXGroup;
			children = (
				CAD9AC0E27317AB100E3DE37 /* Views */,
				CAD9AC0427316A2E00E3DE37 /* db.db */,
				CAD9ABF627315B0200E3DE37 /* Database_SQLApp.swift */,
				CAD9ABFA27315B0F00E3DE37 /* Assets.xcassets */,
				CAD9ABFC27315B0F00E3DE37 /* Preview Content */,
				CAD9AC0A2731729100E3DE37 /* DataBase.swift */,
			);
			path = "Database-SQL";
			sourceTree = "<group>";
		};
		CAD9ABFC27315B0F00E3DE37 /* Preview Content */ = {
			isa = PBXGroup;
			children = (
				CAD9ABFD27315B0F00E3DE37 /* Preview Assets.xcassets */,
			);
			path = "Preview Content";
			sourceTree = "<group>";
		};
		CAD9AC0E27317AB100E3DE37 /* Views */ = {
			isa = PBXGroup;
			children = (
				CAD9ABF827315B0200E3DE37 /* ContentView.swift */,
				CAD9AC0C2731797600E3DE37 /* TopicsView.swift */,
				CAD9AC082731713E00E3DE37 /* MessagesAttachmentsView.swift */,
				CAD9AC0F27318C3000E3DE37 /* EmptyProfile.swift */,
				CAD9AC4127326D1500E3DE37 /* PairsView.swift */,
			);
			path = Views;
			sourceTree = "<group>";
		};
/* End PBXGroup section */

/* Begin PBXNativeTarget section */
		CAD9ABF227315B0200E3DE37 /* Database-SQL */ = {
			isa = PBXNativeTarget;
			buildConfigurationList = CAD9AC0127315B0F00E3DE37 /* Build configuration list for PBXNativeTarget "Database-SQL" */;
			buildPhases = (
				CAD9ABEF27315B0200E3DE37 /* Sources */,
				CAD9ABF027315B0200E3DE37 /* Frameworks */,
				CAD9ABF127315B0200E3DE37 /* Resources */,
			);
			buildRules = (
			);
			dependencies = (
			);
			name = "Database-SQL";
			productName = "Database-SQL";
			productReference = CAD9ABF327315B0200E3DE37 /* Database-SQL.app */;
			productType = "com.apple.product-type.application";
		};
/* End PBXNativeTarget section */

/* Begin PBXProject section */
		CAD9ABEB27315B0100E3DE37 /* Project object */ = {
			isa = PBXProject;
			attributes = {
				BuildIndependentTargetsInParallel = 1;
				LastSwiftUpdateCheck = 1300;
				LastUpgradeCheck = 1300;
				TargetAttributes = {
					CAD9ABF227315B0200E3DE37 = {
						CreatedOnToolsVersion = 13.0;
					};
				};
			};
			buildConfigurationList = CAD9ABEE27315B0100E3DE37 /* Build configuration list for PBXProject "Database-SQL" */;
			compatibilityVersion = "Xcode 13.0";
			developmentRegion = en;
			hasScannedForEncodings = 0;
			knownRegions = (
				en,
				Base,
			);
			mainGroup = CAD9ABEA27315B0100E3DE37;
			productRefGroup = CAD9ABF427315B0200E3DE37 /* Products */;
			projectDirPath = "";
			projectRoot = "";
			targets = (
				CAD9ABF227315B0200E3DE37 /* Database-SQL */,
			);
		};
/* End PBXProject section */

/* Begin PBXResourcesBuildPhase section */
		CAD9ABF127315B0200E3DE37 /* Resources */ = {
			isa = PBXResourcesBuildPhase;
			buildActionMask = 2147483647;
			files = (
				CAD9AC0727316FF500E3DE37 /* db.db in Resources */,
				CAD9ABFE27315B0F00E3DE37 /* Preview Assets.xcassets in Resources */,
				CAD9ABFB27315B0F00E3DE37 /* Assets.xcassets in Resources */,
			);
			runOnlyForDeploymentPostprocessing = 0;
		};
/* End PBXResourcesBuildPhase section */

/* Begin PBXSourcesBuildPhase section */
		CAD9ABEF27315B0200E3DE37 /* Sources */ = {
			isa = PBXSourcesBuildPhase;
			buildActionMask = 2147483647;
			files = (
				CAD9ABF927315B0200E3DE37 /* ContentView.swift in Sources */,
				CAD9AC092731713E00E3DE37 /* MessagesAttachmentsView.swift in Sources */,
				CAD9AC0B2731729100E3DE37 /* DataBase.swift in Sources */,
				CAD9AC4227326D1600E3DE37 /* PairsView.swift in Sources */,
				CAD9AC1027318C3000E3DE37 /* EmptyProfile.swift in Sources */,
				CAD9AC0D2731797600E3DE37 /* TopicsView.swift in Sources */,
				CAD9ABF727315B0200E3DE37 /* Database_SQLApp.swift in Sources */,
			);
			runOnlyForDeploymentPostprocessing = 0;
		};
/* End PBXSourcesBuildPhase section */

/* Begin XCBuildConfiguration section */
		CAD9ABFF27315B0F00E3DE37 /* Debug */ = {
			isa = XCBuildConfiguration;
			buildSettings = {
				ALWAYS_SEARCH_USER_PATHS = NO;
				CLANG_ANALYZER_NONNULL = YES;
				CLANG_ANALYZER_NUMBER_OBJECT_CONVERSION = YES_AGGRESSIVE;
				CLANG_CXX_LANGUAGE_STANDARD = "gnu++17";
				CLANG_CXX_LIBRARY = "libc++";
				CLANG_ENABLE_MODULES = YES;
				CLANG_ENABLE_OBJC_ARC = YES;
				CLANG_ENABLE_OBJC_WEAK = YES;
				CLANG_WARN_BLOCK_CAPTURE_AUTORELEASING = YES;
				CLANG_WARN_BOOL_CONVERSION = YES;
				CLANG_WARN_COMMA = YES;
				CLANG_WARN_CONSTANT_CONVERSION = YES;
				CLANG_WARN_DEPRECATED_OBJC_IMPLEMENTATIONS = YES;
				CLANG_WARN_DIRECT_OBJC_ISA_USAGE = YES_ERROR;
				CLANG_WARN_DOCUMENTATION_COMMENTS = YES;
				CLANG_WARN_EMPTY_BODY = YES;
				CLANG_WARN_ENUM_CONVERSION = YES;
				CLANG_WARN_INFINITE_RECURSION = YES;
				CLANG_WARN_INT_CONVERSION = YES;
				CLANG_WARN_NON_LITERAL_NULL_CONVERSION = YES;
				CLANG_WARN_OBJC_IMPLICIT_RETAIN_SELF = YES;
				CLANG_WARN_OBJC_LITERAL_CONVERSION = YES;
				CLANG_WARN_OBJC_ROOT_CLASS = YES_ERROR;
				CLANG_WARN_QUOTED_INCLUDE_IN_FRAMEWORK_HEADER = YES;
				CLANG_WARN_RANGE_LOOP_ANALYSIS = YES;
				CLANG_WARN_STRICT_PROTOTYPES = YES;
				CLANG_WARN_SUSPICIOUS_MOVE = YES;
				CLANG_WARN_UNGUARDED_AVAILABILITY = YES_AGGRESSIVE;
				CLANG_WARN_UNREACHABLE_CODE = YES;
				CLANG_WARN__DUPLICATE_METHOD_MATCH = YES;
				COPY_PHASE_STRIP = NO;
				DEBUG_INFORMATION_FORMAT = dwarf;
				ENABLE_STRICT_OBJC_MSGSEND = YES;
				ENABLE_TESTABILITY = YES;
				GCC_C_LANGUAGE_STANDARD = gnu11;
				GCC_DYNAMIC_NO_PIC = NO;
				GCC_NO_COMMON_BLOCKS = YES;
				GCC_OPTIMIZATION_LEVEL = 0;
				GCC_PREPROCESSOR_DEFINITIONS = (
					"DEBUG=1",
					"$(inherited)",
				);
				GCC_WARN_64_TO_32_BIT_CONVERSION = YES;
				GCC_WARN_ABOUT_RETURN_TYPE = YES_ERROR;
				GCC_WARN_UNDECLARED_SELECTOR = YES;
				GCC_WARN_UNINITIALIZED_AUTOS = YES_AGGRESSIVE;
				GCC_WARN_UNUSED_FUNCTION = YES;
				GCC_WARN_UNUSED_VARIABLE = YES;
				IPHONEOS_DEPLOYMENT_TARGET = 15.0;
				MTL_ENABLE_DEBUG_INFO = INCLUDE_SOURCE;
				MTL_FAST_MATH = YES;
				ONLY_ACTIVE_ARCH = YES;
				SDKROOT = iphoneos;
				SWIFT_ACTIVE_COMPILATION_CONDITIONS = DEBUG;
				SWIFT_OPTIMIZATION_LEVEL = "-Onone";
			};
			name = Debug;
		};
		CAD9AC0027315B0F00E3DE37 /* Release */ = {
			isa = XCBuildConfiguration;
			buildSettings = {
				ALWAYS_SEARCH_USER_PATHS = NO;
				CLANG_ANALYZER_NONNULL = YES;
				CLANG_ANALYZER_NUMBER_OBJECT_CONVERSION = YES_AGGRESSIVE;
				CLANG_CXX_LANGUAGE_STANDARD = "gnu++17";
				CLANG_CXX_LIBRARY = "libc++";
				CLANG_ENABLE_MODULES = YES;
				CLANG_ENABLE_OBJC_ARC = YES;
				CLANG_ENABLE_OBJC_WEAK = YES;
				CLANG_WARN_BLOCK_CAPTURE_AUTORELEASING = YES;
				CLANG_WARN_BOOL_CONVERSION = YES;
				CLANG_WARN_COMMA = YES;
				CLANG_WARN_CONSTANT_CONVERSION = YES;
				CLANG_WARN_DEPRECATED_OBJC_IMPLEMENTATIONS = YES;
				CLANG_WARN_DIRECT_OBJC_ISA_USAGE = YES_ERROR;
				CLANG_WARN_DOCUMENTATION_COMMENTS = YES;
				CLANG_WARN_EMPTY_BODY = YES;
				CLANG_WARN_ENUM_CONVERSION = YES;
				CLANG_WARN_INFINITE_RECURSION = YES;
				CLANG_WARN_INT_CONVERSION = YES;
				CLANG_WARN_NON_LITERAL_NULL_CONVERSION = YES;
				CLANG_WARN_OBJC_IMPLICIT_RETAIN_SELF = YES;
				CLANG_WARN_OBJC_LITERAL_CONVERSION = YES;
				CLANG_WARN_OBJC_ROOT_CLASS = YES_ERROR;
				CLANG_WARN_QUOTED_INCLUDE_IN_FRAMEWORK_HEADER = YES;
				CLANG_WARN_RANGE_LOOP_ANALYSIS = YES;
				CLANG_WARN_STRICT_PROTOTYPES = YES;
				CLANG_WARN_SUSPICIOUS_MOVE = YES;
				CLANG_WARN_UNGUARDED_AVAILABILITY = YES_AGGRESSIVE;
				CLANG_WARN_UNREACHABLE_CODE = YES;
				CLANG_WARN__DUPLICATE_METHOD_MATCH = YES;
				COPY_PHASE_STRIP = NO;
				DEBUG_INFORMATION_FORMAT = "dwarf-with-dsym";
				ENABLE_NS_ASSERTIONS = NO;
				ENABLE_STRICT_OBJC_MSGSEND = YES;
				GCC_C_LANGUAGE_STANDARD = gnu11;
				GCC_NO_COMMON_BLOCKS = YES;
				GCC_WARN_64_TO_32_BIT_CONVERSION = YES;
				GCC_WARN_ABOUT_RETURN_TYPE = YES_ERROR;
				GCC_WARN_UNDECLARED_SELECTOR = YES;
				GCC_WARN_UNINITIALIZED_AUTOS = YES_AGGRESSIVE;
				GCC_WARN_UNUSED_FUNCTION = YES;
				GCC_WARN_UNUSED_VARIABLE = YES;
				IPHONEOS_DEPLOYMENT_TARGET = 15.0;
				MTL_ENABLE_DEBUG_INFO = NO;
				MTL_FAST_MATH = YES;
				SDKROOT = iphoneos;
				SWIFT_COMPILATION_MODE = wholemodule;
				SWIFT_OPTIMIZATION_LEVEL = "-O";
				VALIDATE_PRODUCT = YES;
			};
			name = Release;
		};
		CAD9AC0227315B0F00E3DE37 /* Debug */ = {
			isa = XCBuildConfiguration;
			buildSettings = {
				ASSETCATALOG_COMPILER_APPICON_NAME = AppIcon;
				ASSETCATALOG_COMPILER_GLOBAL_ACCENT_COLOR_NAME = AccentColor;
				CODE_SIGN_STYLE = Automatic;
				CURRENT_PROJECT_VERSION = 1;
				DEVELOPMENT_ASSET_PATHS = "\"Database-SQL/Preview Content\"";
				DEVELOPMENT_TEAM = 7NZPBTA9R6;
				ENABLE_PREVIEWS = YES;
				GENERATE_INFOPLIST_FILE = YES;
				INFOPLIST_KEY_UIApplicationSceneManifest_Generation = YES;
				INFOPLIST_KEY_UIApplicationSupportsIndirectInputEvents = YES;
				INFOPLIST_KEY_UILaunchScreen_Generation = YES;
				INFOPLIST_KEY_UISupportedInterfaceOrientations_iPad = "UIInterfaceOrientationPortrait UIInterfaceOrientationPortraitUpsideDown UIInterfaceOrientationLandscapeLeft UIInterfaceOrientationLandscapeRight";
				INFOPLIST_KEY_UISupportedInterfaceOrientations_iPhone = "UIInterfaceOrientationPortrait UIInterfaceOrientationLandscapeLeft UIInterfaceOrientationLandscapeRight";
				IPHONEOS_DEPLOYMENT_TARGET = 14.0;
				LD_RUNPATH_SEARCH_PATHS = (
					"$(inherited)",
					"@executable_path/Frameworks",
				);
				MARKETING_VERSION = 1.0;
				PRODUCT_BUNDLE_IDENTIFIER = "com.perekrist.Database-SQL";
				PRODUCT_NAME = "$(TARGET_NAME)";
				SWIFT_EMIT_LOC_STRINGS = YES;
				SWIFT_VERSION = 5.0;
				TARGETED_DEVICE_FAMILY = "1,2";
			};
			name = Debug;
		};
		CAD9AC0327315B0F00E3DE37 /* Release */ = {
			isa = XCBuildConfiguration;
			buildSettings = {
				ASSETCATALOG_COMPILER_APPICON_NAME = AppIcon;
				ASSETCATALOG_COMPILER_GLOBAL_ACCENT_COLOR_NAME = AccentColor;
				CODE_SIGN_STYLE = Automatic;
				CURRENT_PROJECT_VERSION = 1;
				DEVELOPMENT_ASSET_PATHS = "\"Database-SQL/Preview Content\"";
				DEVELOPMENT_TEAM = 7NZPBTA9R6;
				ENABLE_PREVIEWS = YES;
				GENERATE_INFOPLIST_FILE = YES;
				INFOPLIST_KEY_UIApplicationSceneManifest_Generation = YES;
				INFOPLIST_KEY_UIApplicationSupportsIndirectInputEvents = YES;
				INFOPLIST_KEY_UILaunchScreen_Generation = YES;
				INFOPLIST_KEY_UISupportedInterfaceOrientations_iPad = "UIInterfaceOrientationPortrait UIInterfaceOrientationPortraitUpsideDown UIInterfaceOrientationLandscapeLeft UIInterfaceOrientationLandscapeRight";
				INFOPLIST_KEY_UISupportedInterfaceOrientations_iPhone = "UIInterfaceOrientationPortrait UIInterfaceOrientationLandscapeLeft UIInterfaceOrientationLandscapeRight";
				IPHONEOS_DEPLOYMENT_TARGET = 14.0;
				LD_RUNPATH_SEARCH_PATHS = (
					"$(inherited)",
					"@executable_path/Frameworks",
				);
				MARKETING_VERSION = 1.0;
				PRODUCT_BUNDLE_IDENTIFIER = "com.perekrist.Database-SQL";
				PRODUCT_NAME = "$(TARGET_NAME)";
				SWIFT_EMIT_LOC_STRINGS = YES;
				SWIFT_VERSION = 5.0;
				TARGETED_DEVICE_FAMILY = "1,2";
			};
			name = Release;
		};
/* End XCBuildConfiguration section */

/* Begin XCConfigurationList section */
		CAD9ABEE27315B0100E3DE37 /* Build configuration list for PBXProject "Database-SQL" */ = {
			isa = XCConfigurationList;
			buildConfigurations = (
				CAD9ABFF27315B0F00E3DE37 /* Debug */,
				CAD9AC0027315B0F00E3DE37 /* Release */,
			);
			defaultConfigurationIsVisible = 0;
			defaultConfigurationName = Release;
		};
		CAD9AC0127315B0F00E3DE37 /* Build configuration list for PBXNativeTarget "Database-SQL" */ = {
			isa = XCConfigurationList;
			buildConfigurations = (
				CAD9AC0227315B0F00E3DE37 /* Debug */,
				CAD9AC0327315B0F00E3DE37 /* Release */,
			);
			defaultConfigurationIsVisible = 0;
			defaultConfigurationName = Release;
		};
/* End XCConfigurationList section */
	};
	rootObject = CAD9ABEB27315B0100E3DE37 /* Project object */;
}
